
Microsoft Visual Studio Solution File, Format Version 12.00
# Visual Studio Version 17
VisualStudioVersion = 17.5.33516.290
MinimumVisualStudioVersion = 10.0.40219.1
Project("{FAE04EC0-301F-11D3-BF4B-00C04F79EFBC}") = "WPF_calculator", "WPF_calculator.csproj", "{57F3C7C4-9FCB-454E-B92B-245FB5E2576C}"
EndProject
Global
	GlobalSection(SolutionConfigurationPlatforms) = preSolution
		Debug|Any CPU = Debug|Any CPU
		Release|Any CPU = Release|Any CPU
	EndGlobalSection
	GlobalSection(ProjectConfigurationPlatforms) = postSolution
		{57F3C7C4-9FCB-454E-B92B-245FB5E2576C}.Debug|Any CPU.ActiveCfg = Debug|Any CPU
		{57F3C7C4-9FCB-454E-B92B-245FB5E2576C}.Debug|Any CPU.Build.0 = Debug|Any CPU
		{57F3C7C4-9FCB-454E-B92B-245FB5E2576C}.Release|Any CPU.ActiveCfg = Release|Any CPU
		{57F3C7C4-9FCB-454E-B92B-245FB5E2576C}.Release|Any CPU.Build.0 = Release|Any CPU
	EndGlobalSection
	GlobalSection(SolutionProperties) = preSolution
		HideSolutionNode = FALSE
	EndGlobalSection
	GlobalSection(ExtensibilityGlobals) = postSolution
		SolutionGuid = {1AA3A7A9-C6A5-4DF1-9704-F6C4C9CAFA67}
	EndGlobalSection
EndGlobal
